Microsoft Visual Studio Solution File, Format Version 12.00
# Visual Studio 15
VisualStudioVersion = 15.0.26124.0
MinimumVisualStudioVersion = 15.0.26124.0
Project("{9A19103F-16F7-4668-BE54-9A1E7A4F7556}") = "ghdeploy", "ghdeploy\ghdeploy.csproj", "{1DFCD5CE-6188-49A3-A70B-37D70383EA6F}"
EndProject
Project("{9A19103F-16F7-4668-BE54-9A1E7A4F7556}") = "ApiLibs", "ApiLibs\ApiLibs\ApiLibs.csproj", "{A90B5454-77CD-4C45-B772-F62EA18A63EF}"
EndProject
Global
	GlobalSection(SolutionConfigurationPlatforms) = preSolution
		Debug|Any CPU = Debug|Any CPU
		Debug|x64 = Debug|x64
		Debug|x86 = Debug|x86
		Release|Any CPU = Release|Any CPU
		Release|x64 = Release|x64
		Release|x86 = Release|x86
	EndGlobalSection
	GlobalSection(ProjectConfigurationPlatforms) = postSolution
		{1DFCD5CE-6188-49A3-A70B-37D70383EA6F}.Debug|Any CPU.ActiveCfg = Debug|Any CPU
		{1DFCD5CE-6188-49A3-A70B-37D70383EA6F}.Debug|Any CPU.Build.0 = Debug|Any CPU
		{1DFCD5CE-6188-49A3-A70B-37D70383EA6F}.Debug|x64.ActiveCfg = Debug|Any CPU
		{1DFCD5CE-6188-49A3-A70B-37D70383EA6F}.Debug|x64.Build.0 = Debug|Any CPU
		{1DFCD5CE-6188-49A3-A70B-37D70383EA6F}.Debug|x86.ActiveCfg = Debug|Any CPU
		{1DFCD5CE-6188-49A3-A70B-37D70383EA6F}.Debug|x86.Build.0 = Debug|Any CPU
		{1DFCD5CE-6188-49A3-A70B-37D70383EA6F}.Release|Any CPU.ActiveCfg = Release|Any CPU
		{1DFCD5CE-6188-49A3-A70B-37D70383EA6F}.Release|Any CPU.Build.0 = Release|Any CPU
		{1DFCD5CE-6188-49A3-A70B-37D70383EA6F}.Release|x64.ActiveCfg = Release|Any CPU
		{1DFCD5CE-6188-49A3-A70B-37D70383EA6F}.Release|x64.Build.0 = Release|Any CPU
		{1DFCD5CE-6188-49A3-A70B-37D70383EA6F}.Release|x86.ActiveCfg = Release|Any CPU
		{1DFCD5CE-6188-49A3-A70B-37D70383EA6F}.Release|x86.Build.0 = Release|Any CPU
		{A90B5454-77CD-4C45-B772-F62EA18A63EF}.Debug|Any CPU.ActiveCfg = Debug|Any CPU
		{A90B5454-77CD-4C45-B772-F62EA18A63EF}.Debug|Any CPU.Build.0 = Debug|Any CPU
		{A90B5454-77CD-4C45-B772-F62EA18A63EF}.Debug|x64.ActiveCfg = Debug|Any CPU
		{A90B5454-77CD-4C45-B772-F62EA18A63EF}.Debug|x64.Build.0 = Debug|Any CPU
		{A90B5454-77CD-4C45-B772-F62EA18A63EF}.Debug|x86.ActiveCfg = Debug|Any CPU
		{A90B5454-77CD-4C45-B772-F62EA18A63EF}.Debug|x86.Build.0 = Debug|Any CPU
		{A90B5454-77CD-4C45-B772-F62EA18A63EF}.Release|Any CPU.ActiveCfg = Release|Any CPU
		{A90B5454-77CD-4C45-B772-F62EA18A63EF}.Release|Any CPU.Build.0 = Release|Any CPU
		{A90B5454-77CD-4C45-B772-F62EA18A63EF}.Release|x64.ActiveCfg = Release|Any CPU
		{A90B5454-77CD-4C45-B772-F62EA18A63EF}.Release|x64.Build.0 = Release|Any CPU
		{A90B5454-77CD-4C45-B772-F62EA18A63EF}.Release|x86.ActiveCfg = Release|Any CPU
		{A90B5454-77CD-4C45-B772-F62EA18A63EF}.Release|x86.Build.0 = Release|Any CPU
	EndGlobalSection
	GlobalSection(SolutionProperties) = preSolution
		HideSolutionNode = FALSE
	EndGlobalSection
	GlobalSection(ExtensibilityGlobals) = postSolution
		SolutionGuid = {4AF804D4-287B-43F0-AE6B-AE64CBD050FD}
	EndGlobalSection
EndGlobal
